
Microsoft Visual Studio Solution File, Format Version 12.00
# Visual Studio 15
VisualStudioVersion = 15.0.28307.705
MinimumVisualStudioVersion = 10.0.40219.1
Project("{9A19103F-16F7-4668-BE54-9A1E7A4F7556}") = "BrunaPhotographSystem.Core", "BrunaPhotographSystem.Core\BrunaPhotographSystem.Core.csproj", "{EFDF3D0F-6150-41DF-A632-D56AF7C6CEAE}"
EndProject
Project("{2150E333-8FDC-42A3-9474-1A3956D46DE8}") = "1 - Service", "1 - Service", "{419BECAE-74A9-46E8-9BB4-61C1DE6B5BF7}"
EndProject
Project("{2150E333-8FDC-42A3-9474-1A3956D46DE8}") = "2- Application", "2- Application", "{980FE07D-11AA-4FCC-8CDD-8179E268D100}"
EndProject
Project("{2150E333-8FDC-42A3-9474-1A3956D46DE8}") = "3 - Domain", "3 - Domain", "{AA0AD893-9623-4FFF-A455-0420B6FF5165}"
EndProject
Project("{2150E333-8FDC-42A3-9474-1A3956D46DE8}") = "4 - InfraStructure", "4 - InfraStructure", "{0499BDD0-318B-4DCA-BCD5-DC35B56A7033}"
EndProject
Project("{9A19103F-16F7-4668-BE54-9A1E7A4F7556}") = "BrunaPhotographSystem.DomainModel", "BrunaPhotographSystem.DomainModel\BrunaPhotographSystem.DomainModel.csproj", "{6712B654-3A37-451E-A396-7A4C40CCE3D3}"
EndProject
Project("{9A19103F-16F7-4668-BE54-9A1E7A4F7556}") = "BrunaPhotographSystem.DomainService", "BrunaPhotographSystem.DomainService\BrunaPhotographSystem.DomainService.csproj", "{B4D11E54-1AFC-4870-B8EE-0244C9D668E1}"
EndProject
Project("{9A19103F-16F7-4668-BE54-9A1E7A4F7556}") = "BrunaPhotographSystem.InfraStructure.DataAccess", "BrunaPhotographSystem.InfraStructure.DataAccess\BrunaPhotographSystem.InfraStructure.DataAccess.csproj", "{57337687-E79F-4BAF-B8A9-75C890E3629F}"
EndProject
Project("{9A19103F-16F7-4668-BE54-9A1E7A4F7556}") = "BrunaPhotographSystem.InfraStructure.AzureStorage", "BrunaPhotographSystem.InfraStructure.AzureStorage\BrunaPhotographSystem.InfraStructure.AzureStorage.csproj", "{CD03092E-31B8-4809-BF2D-6EE9FB7B6148}"
EndProject
Project("{9A19103F-16F7-4668-BE54-9A1E7A4F7556}") = "BrunaPhotographSystem.Order", "BrunaPhotographSystem.Order\BrunaPhotographSystem.Order.csproj", "{95B46F40-7B0E-41B8-A2DF-8EF6844BCD1F}"
EndProject
Project("{9A19103F-16F7-4668-BE54-9A1E7A4F7556}") = "BrunaPhotographSystem.IAm", "BrunaPhotographSystem.IAm\BrunaPhotographSystem.IAm.csproj", "{9A6AD7B4-2FC7-48CD-A2CE-CFBF59748E2C}"
EndProject
Project("{2150E333-8FDC-42A3-9474-1A3956D46DE8}") = "0 - Presentation", "0 - Presentation", "{A503A5D5-D430-4C8D-82A2-049B36CEF5A7}"
EndProject
Project("{9A19103F-16F7-4668-BE54-9A1E7A4F7556}") = "BrunaPhotographSystem.WebApp", "BrunaPhotographSystem.WebApp\BrunaPhotographSystem.WebApp.csproj", "{913DE864-D91F-448A-B273-671CC1A2F340}"
EndProject
Project("{9A19103F-16F7-4668-BE54-9A1E7A4F7556}") = "BrunaPhotographSystem.ApiClient", "BrunaPhotographSystem.ApiClient\BrunaPhotographSystem.ApiClient.csproj", "{8B07975C-2E9A-45A6-9D58-657615D35C34}"
EndProject
Project("{9A19103F-16F7-4668-BE54-9A1E7A4F7556}") = "BrunaPhotographSystem.InfraStructure.AzureQueue", "BrunaPhotographSystem.InfraStructure.AzureQueue\BrunaPhotographSystem.InfraStructure.AzureQueue.csproj", "{F7030D06-8979-444A-B608-AB68E1A788DB}"
EndProject
Project("{9A19103F-16F7-4668-BE54-9A1E7A4F7556}") = "BrunaPhotographSystem.WebJob", "BrunaPhotographSystem.WebJob\BrunaPhotographSystem.WebJob.csproj", "{0A608EE5-F78E-4025-8418-A19C9AD39AAE}"
EndProject
Project("{2150E333-8FDC-42A3-9474-1A3956D46DE8}") = "API", "API", "{5EBDE932-78AD-4E3A-9002-2A25DA3A38E2}"
EndProject
Project("{2150E333-8FDC-42A3-9474-1A3956D46DE8}") = "WebJob", "WebJob", "{10CEE5B4-6F5E-449D-A5E4-CA94D0047A44}"
EndProject
Project("{2150E333-8FDC-42A3-9474-1A3956D46DE8}") = "WebApp", "WebApp", "{823DE117-E799-4589-942C-68F88EF793C6}"
EndProject
Project("{2150E333-8FDC-42A3-9474-1A3956D46DE8}") = "APIClient", "APIClient", "{B5B521DE-42CB-4A7D-8814-79D521F6FCA5}"
EndProject
Project("{2150E333-8FDC-42A3-9474-1A3956D46DE8}") = "Model", "Model", "{9574080F-9818-485F-86EA-0A4A62534D6C}"
EndProject
Project("{2150E333-8FDC-42A3-9474-1A3956D46DE8}") = "Service", "Service", "{696F3C5D-A62D-4D71-8AA4-CE48AA4068EB}"
EndProject
Project("{2150E333-8FDC-42A3-9474-1A3956D46DE8}") = "Banco de Dados", "Banco de Dados", "{0525D3FE-2425-4912-8034-0CDDD2C3AB8B}"
EndProject
Project("{2150E333-8FDC-42A3-9474-1A3956D46DE8}") = "Azure", "Azure", "{C56DAA13-A0A2-483D-BF58-5B5F39F888EC}"
EndProject
Project("{2150E333-8FDC-42A3-9474-1A3956D46DE8}") = "Blob", "Blob", "{DAA1F1D9-5FFB-44D5-99FD-3B395C96E81C}"
EndProject
Project("{2150E333-8FDC-42A3-9474-1A3956D46DE8}") = "Queue", "Queue", "{A0BDCAC6-E67B-43EC-B190-1D4F5A945FB0}"
EndProject
Global
	GlobalSection(SolutionConfigurationPlatforms) = preSolution
		Debug|Any CPU = Debug|Any CPU
		Release|Any CPU = Release|Any CPU
	EndGlobalSection
	GlobalSection(ProjectConfigurationPlatforms) = postSolution
		{EFDF3D0F-6150-41DF-A632-D56AF7C6CEAE}.Debug|Any CPU.ActiveCfg = Debug|Any CPU
		{EFDF3D0F-6150-41DF-A632-D56AF7C6CEAE}.Debug|Any CPU.Build.0 = Debug|Any CPU
		{EFDF3D0F-6150-41DF-A632-D56AF7C6CEAE}.Release|Any CPU.ActiveCfg = Release|Any CPU
		{EFDF3D0F-6150-41DF-A632-D56AF7C6CEAE}.Release|Any CPU.Build.0 = Release|Any CPU
		{6712B654-3A37-451E-A396-7A4C40CCE3D3}.Debug|Any CPU.ActiveCfg = Debug|Any CPU
		{6712B654-3A37-451E-A396-7A4C40CCE3D3}.Debug|Any CPU.Build.0 = Debug|Any CPU
		{6712B654-3A37-451E-A396-7A4C40CCE3D3}.Release|Any CPU.ActiveCfg = Release|Any CPU
		{6712B654-3A37-451E-A396-7A4C40CCE3D3}.Release|Any CPU.Build.0 = Release|Any CPU
		{B4D11E54-1AFC-4870-B8EE-0244C9D668E1}.Debug|Any CPU.ActiveCfg = Debug|Any CPU
		{B4D11E54-1AFC-4870-B8EE-0244C9D668E1}.Debug|Any CPU.Build.0 = Debug|Any CPU
		{B4D11E54-1AFC-4870-B8EE-0244C9D668E1}.Release|Any CPU.ActiveCfg = Release|Any CPU
		{B4D11E54-1AFC-4870-B8EE-0244C9D668E1}.Release|Any CPU.Build.0 = Release|Any CPU
		{57337687-E79F-4BAF-B8A9-75C890E3629F}.Debug|Any CPU.ActiveCfg = Debug|Any CPU
		{57337687-E79F-4BAF-B8A9-75C890E3629F}.Debug|Any CPU.Build.0 = Debug|Any CPU
		{57337687-E79F-4BAF-B8A9-75C890E3629F}.Release|Any CPU.ActiveCfg = Release|Any CPU
		{57337687-E79F-4BAF-B8A9-75C890E3629F}.Release|Any CPU.Build.0 = Release|Any CPU
		{CD03092E-31B8-4809-BF2D-6EE9FB7B6148}.Debug|Any CPU.ActiveCfg = Debug|Any CPU
		{CD03092E-31B8-4809-BF2D-6EE9FB7B6148}.Debug|Any CPU.Build.0 = Debug|Any CPU
		{CD03092E-31B8-4809-BF2D-6EE9FB7B6148}.Release|Any CPU.ActiveCfg = Release|Any CPU
		{CD03092E-31B8-4809-BF2D-6EE9FB7B6148}.Release|Any CPU.Build.0 = Release|Any CPU
		{95B46F40-7B0E-41B8-A2DF-8EF6844BCD1F}.Debug|Any CPU.ActiveCfg = Debug|Any CPU
		{95B46F40-7B0E-41B8-A2DF-8EF6844BCD1F}.Debug|Any CPU.Build.0 = Debug|Any CPU
		{95B46F40-7B0E-41B8-A2DF-8EF6844BCD1F}.Release|Any CPU.ActiveCfg = Release|Any CPU
		{95B46F40-7B0E-41B8-A2DF-8EF6844BCD1F}.Release|Any CPU.Build.0 = Release|Any CPU
		{9A6AD7B4-2FC7-48CD-A2CE-CFBF59748E2C}.Debug|Any CPU.ActiveCfg = Debug|Any CPU
		{9A6AD7B4-2FC7-48CD-A2CE-CFBF59748E2C}.Debug|Any CPU.Build.0 = Debug|Any CPU
		{9A6AD7B4-2FC7-48CD-A2CE-CFBF59748E2C}.Release|Any CPU.ActiveCfg = Release|Any CPU
		{9A6AD7B4-2FC7-48CD-A2CE-CFBF59748E2C}.Release|Any CPU.Build.0 = Release|Any CPU
		{913DE864-D91F-448A-B273-671CC1A2F340}.Debug|Any CPU.ActiveCfg = Debug|Any CPU
		{913DE864-D91F-448A-B273-671CC1A2F340}.Debug|Any CPU.Build.0 = Debug|Any CPU
		{913DE864-D91F-448A-B273-671CC1A2F340}.Release|Any CPU.ActiveCfg = Release|Any CPU
		{913DE864-D91F-448A-B273-671CC1A2F340}.Release|Any CPU.Build.0 = Release|Any CPU
		{8B07975C-2E9A-45A6-9D58-657615D35C34}.Debug|Any CPU.ActiveCfg = Debug|Any CPU
		{8B07975C-2E9A-45A6-9D58-657615D35C34}.Debug|Any CPU.Build.0 = Debug|Any CPU
		{8B07975C-2E9A-45A6-9D58-657615D35C34}.Release|Any CPU.ActiveCfg = Release|Any CPU
		{8B07975C-2E9A-45A6-9D58-657615D35C34}.Release|Any CPU.Build.0 = Release|Any CPU
		{F7030D06-8979-444A-B608-AB68E1A788DB}.Debug|Any CPU.ActiveCfg = Debug|Any CPU
		{F7030D06-8979-444A-B608-AB68E1A788DB}.Debug|Any CPU.Build.0 = Debug|Any CPU
		{F7030D06-8979-444A-B608-AB68E1A788DB}.Release|Any CPU.ActiveCfg = Release|Any CPU
		{F7030D06-8979-444A-B608-AB68E1A788DB}.Release|Any CPU.Build.0 = Release|Any CPU
		{0A608EE5-F78E-4025-8418-A19C9AD39AAE}.Debug|Any CPU.ActiveCfg = Debug|Any CPU
		{0A608EE5-F78E-4025-8418-A19C9AD39AAE}.Debug|Any CPU.Build.0 = Debug|Any CPU
		{0A608EE5-F78E-4025-8418-A19C9AD39AAE}.Release|Any CPU.ActiveCfg = Release|Any CPU
		{0A608EE5-F78E-4025-8418-A19C9AD39AAE}.Release|Any CPU.Build.0 = Release|Any CPU
	EndGlobalSection
	GlobalSection(SolutionProperties) = preSolution
		HideSolutionNode = FALSE
	EndGlobalSection
	GlobalSection(NestedProjects) = preSolution
		{EFDF3D0F-6150-41DF-A632-D56AF7C6CEAE} = {5EBDE932-78AD-4E3A-9002-2A25DA3A38E2}
		{6712B654-3A37-451E-A396-7A4C40CCE3D3} = {9574080F-9818-485F-86EA-0A4A62534D6C}
		{B4D11E54-1AFC-4870-B8EE-0244C9D668E1} = {696F3C5D-A62D-4D71-8AA4-CE48AA4068EB}
		{57337687-E79F-4BAF-B8A9-75C890E3629F} = {0525D3FE-2425-4912-8034-0CDDD2C3AB8B}
		{CD03092E-31B8-4809-BF2D-6EE9FB7B6148} = {DAA1F1D9-5FFB-44D5-99FD-3B395C96E81C}
		{95B46F40-7B0E-41B8-A2DF-8EF6844BCD1F} = {5EBDE932-78AD-4E3A-9002-2A25DA3A38E2}
		{9A6AD7B4-2FC7-48CD-A2CE-CFBF59748E2C} = {5EBDE932-78AD-4E3A-9002-2A25DA3A38E2}
		{913DE864-D91F-448A-B273-671CC1A2F340} = {823DE117-E799-4589-942C-68F88EF793C6}
		{8B07975C-2E9A-45A6-9D58-657615D35C34} = {B5B521DE-42CB-4A7D-8814-79D521F6FCA5}
		{F7030D06-8979-444A-B608-AB68E1A788DB} = {A0BDCAC6-E67B-43EC-B190-1D4F5A945FB0}
		{0A608EE5-F78E-4025-8418-A19C9AD39AAE} = {10CEE5B4-6F5E-449D-A5E4-CA94D0047A44}
		{5EBDE932-78AD-4E3A-9002-2A25DA3A38E2} = {419BECAE-74A9-46E8-9BB4-61C1DE6B5BF7}
		{10CEE5B4-6F5E-449D-A5E4-CA94D0047A44} = {419BECAE-74A9-46E8-9BB4-61C1DE6B5BF7}
		{823DE117-E799-4589-942C-68F88EF793C6} = {A503A5D5-D430-4C8D-82A2-049B36CEF5A7}
		{B5B521DE-42CB-4A7D-8814-79D521F6FCA5} = {980FE07D-11AA-4FCC-8CDD-8179E268D100}
		{9574080F-9818-485F-86EA-0A4A62534D6C} = {AA0AD893-9623-4FFF-A455-0420B6FF5165}
		{696F3C5D-A62D-4D71-8AA4-CE48AA4068EB} = {AA0AD893-9623-4FFF-A455-0420B6FF5165}
		{0525D3FE-2425-4912-8034-0CDDD2C3AB8B} = {0499BDD0-318B-4DCA-BCD5-DC35B56A7033}
		{C56DAA13-A0A2-483D-BF58-5B5F39F888EC} = {0499BDD0-318B-4DCA-BCD5-DC35B56A7033}
		{DAA1F1D9-5FFB-44D5-99FD-3B395C96E81C} = {C56DAA13-A0A2-483D-BF58-5B5F39F888EC}
		{A0BDCAC6-E67B-43EC-B190-1D4F5A945FB0} = {C56DAA13-A0A2-483D-BF58-5B5F39F888EC}
	EndGlobalSection
	GlobalSection(ExtensibilityGlobals) = postSolution
		SolutionGuid = {38E8D197-C993-46F3-8A1A-A25A989DEB85}
	EndGlobalSection
EndGlobal
